
Microsoft Visual Studio Solution File, Format Version 12.00
# Visual Studio 15
VisualStudioVersion = 15.0.27428.2015
MinimumVisualStudioVersion = 10.0.40219.1
Project("{FAE04EC0-301F-11D3-BF4B-00C04F79EFBC}") = "TestProjectToRealiseAnyFunctionalOnDotnet", "TestProjectToRealiseAnyFunctionalOnDotnet\TestProjectToRealiseAnyFunctionalOnDotnet.csproj", "{E1B7553C-ADA8-4E72-9448-91242EA35C81}"
EndProject
Project("{FAE04EC0-301F-11D3-BF4B-00C04F79EFBC}") = "XUnitTestTestXUnit", "XUnitTestTestXUnit\XUnitTestTestXUnit.csproj", "{C03B98DF-15D6-4422-8BB7-3E886BE91576}"
	ProjectSection(ProjectDependencies) = postProject
		{E1B7553C-ADA8-4E72-9448-91242EA35C81} = {E1B7553C-ADA8-4E72-9448-91242EA35C81}
	EndProjectSection
EndProject
Global
	GlobalSection(SolutionConfigurationPlatforms) = preSolution
		Debug|Any CPU = Debug|Any CPU
		Release|Any CPU = Release|Any CPU
	EndGlobalSection
	GlobalSection(ProjectConfigurationPlatforms) = postSolution
		{E1B7553C-ADA8-4E72-9448-91242EA35C81}.Debug|Any CPU.ActiveCfg = Debug|Any CPU
		{E1B7553C-ADA8-4E72-9448-91242EA35C81}.Debug|Any CPU.Build.0 = Debug|Any CPU
		{E1B7553C-ADA8-4E72-9448-91242EA35C81}.Release|Any CPU.ActiveCfg = Release|Any CPU
		{E1B7553C-ADA8-4E72-9448-91242EA35C81}.Release|Any CPU.Build.0 = Release|Any CPU
		{C03B98DF-15D6-4422-8BB7-3E886BE91576}.Debug|Any CPU.ActiveCfg = Debug|Any CPU
		{C03B98DF-15D6-4422-8BB7-3E886BE91576}.Debug|Any CPU.Build.0 = Debug|Any CPU
		{C03B98DF-15D6-4422-8BB7-3E886BE91576}.Release|Any CPU.ActiveCfg = Release|Any CPU
		{C03B98DF-15D6-4422-8BB7-3E886BE91576}.Release|Any CPU.Build.0 = Release|Any CPU
	EndGlobalSection
	GlobalSection(SolutionProperties) = preSolution
		HideSolutionNode = FALSE
	EndGlobalSection
	GlobalSection(ExtensibilityGlobals) = postSolution
		SolutionGuid = {2264A1EB-21F3-4FBC-88D5-8E58FF37B444}
	EndGlobalSection
EndGlobal
